
Microsoft Visual Studio Solution File, Format Version 12.00
# Visual Studio Version 17
VisualStudioVersion = 17.0.31903.59
MinimumVisualStudioVersion = 10.0.40219.1
Project("{FAE04EC0-301F-11D3-BF4B-00C04F79EFBC}") = "HAMachineStatusWorker", "HAMachineStatusWorker\HAMachineStatusWorker.csproj", "{11C6B052-8409-43D9-8BF1-E11AF3D7CEBF}"
EndProject
Global
	GlobalSection(SolutionConfigurationPlatforms) = preSolution
		Debug|Any CPU = Debug|Any CPU
		Release|Any CPU = Release|Any CPU
	EndGlobalSection
	GlobalSection(SolutionProperties) = preSolution
		HideSolutionNode = FALSE
	EndGlobalSection
	GlobalSection(ProjectConfigurationPlatforms) = postSolution
		{11C6B052-8409-43D9-8BF1-E11AF3D7CEBF}.Debug|Any CPU.ActiveCfg = Debug|Any CPU
		{11C6B052-8409-43D9-8BF1-E11AF3D7CEBF}.Debug|Any CPU.Build.0 = Debug|Any CPU
		{11C6B052-8409-43D9-8BF1-E11AF3D7CEBF}.Release|Any CPU.ActiveCfg = Release|Any CPU
		{11C6B052-8409-43D9-8BF1-E11AF3D7CEBF}.Release|Any CPU.Build.0 = Release|Any CPU
	EndGlobalSection
EndGlobal
