
Microsoft Visual Studio Solution File, Format Version 12.00
# Visual Studio Version 17
VisualStudioVersion = 17.0.31903.59
MinimumVisualStudioVersion = 10.0.40219.1
Project("{9A19103F-16F7-4668-BE54-9A1E7A4F7556}") = "HAMachineStatusWorker", "HAMachineStatusWorker\HAMachineStatusWorker.csproj", "{11C6B052-8409-43D9-8BF1-E11AF3D7CEBF}"
EndProject
Project("{FAE04EC0-301F-11D3-BF4B-00C04F79EFBC}") = "HAMachineStatusWorker.Tests", "HAMachineStatusWorker.Tests\HAMachineStatusWorker.Tests.csproj", "{081378EC-FCED-4AA4-8B6E-535EC4668C5D}"
EndProject
Global
	GlobalSection(SolutionConfigurationPlatforms) = preSolution
		Debug|Any CPU = Debug|Any CPU
		Release|Any CPU = Release|Any CPU
	EndGlobalSection
	GlobalSection(ProjectConfigurationPlatforms) = postSolution
		{11C6B052-8409-43D9-8BF1-E11AF3D7CEBF}.Debug|Any CPU.ActiveCfg = Debug|Any CPU
		{11C6B052-8409-43D9-8BF1-E11AF3D7CEBF}.Debug|Any CPU.Build.0 = Debug|Any CPU
		{11C6B052-8409-43D9-8BF1-E11AF3D7CEBF}.Release|Any CPU.ActiveCfg = Release|Any CPU
		{11C6B052-8409-43D9-8BF1-E11AF3D7CEBF}.Release|Any CPU.Build.0 = Release|Any CPU
		{081378EC-FCED-4AA4-8B6E-535EC4668C5D}.Debug|Any CPU.ActiveCfg = Debug|Any CPU
		{081378EC-FCED-4AA4-8B6E-535EC4668C5D}.Debug|Any CPU.Build.0 = Debug|Any CPU
		{081378EC-FCED-4AA4-8B6E-535EC4668C5D}.Release|Any CPU.ActiveCfg = Release|Any CPU
		{081378EC-FCED-4AA4-8B6E-535EC4668C5D}.Release|Any CPU.Build.0 = Release|Any CPU
	EndGlobalSection
	GlobalSection(SolutionProperties) = preSolution
		HideSolutionNode = FALSE
	EndGlobalSection
	GlobalSection(ExtensibilityGlobals) = postSolution
		SolutionGuid = {36C5131E-5ECE-48C2-B84A-50901AF74BE5}
	EndGlobalSection
EndGlobal
